
Microsoft Visual Studio Solution File, Format Version 12.00
# Visual Studio Version 17
VisualStudioVersion = 17.5.33530.505
MinimumVisualStudioVersion = 10.0.40219.1
Project("{9A19103F-16F7-4668-BE54-9A1E7A4F7556}") = "MyApp", "MyApp\MyApp.csproj", "{D81FEE2A-8FC6-415E-8937-B545A0361A04}"
EndProject
Project("{9A19103F-16F7-4668-BE54-9A1E7A4F7556}") = "MyApp.Data", "..\..\MyApp\MyApp.Data\MyApp.Data.csproj", "{73EEBAE6-3EAA-4882-9676-E7E61AB0538D}"
EndProject
Global
	GlobalSection(SolutionConfigurationPlatforms) = preSolution
		Debug|Any CPU = Debug|Any CPU
		Release|Any CPU = Release|Any CPU
	EndGlobalSection
	GlobalSection(ProjectConfigurationPlatforms) = postSolution
		{D81FEE2A-8FC6-415E-8937-B545A0361A04}.Debug|Any CPU.ActiveCfg = Debug|Any CPU
		{D81FEE2A-8FC6-415E-8937-B545A0361A04}.Debug|Any CPU.Build.0 = Debug|Any CPU
		{D81FEE2A-8FC6-415E-8937-B545A0361A04}.Release|Any CPU.ActiveCfg = Release|Any CPU
		{D81FEE2A-8FC6-415E-8937-B545A0361A04}.Release|Any CPU.Build.0 = Release|Any CPU
		{73EEBAE6-3EAA-4882-9676-E7E61AB0538D}.Debug|Any CPU.ActiveCfg = Debug|Any CPU
		{73EEBAE6-3EAA-4882-9676-E7E61AB0538D}.Debug|Any CPU.Build.0 = Debug|Any CPU
		{73EEBAE6-3EAA-4882-9676-E7E61AB0538D}.Release|Any CPU.ActiveCfg = Release|Any CPU
		{73EEBAE6-3EAA-4882-9676-E7E61AB0538D}.Release|Any CPU.Build.0 = Release|Any CPU
	EndGlobalSection
	GlobalSection(SolutionProperties) = preSolution
		HideSolutionNode = FALSE
	EndGlobalSection
	GlobalSection(ExtensibilityGlobals) = postSolution
		SolutionGuid = {189AA4DC-6063-41A1-A05F-BDCDFEDA2F6C}
	EndGlobalSection
EndGlobal
